# THIS IS AN AUTOGENERATED FILE. DO NOT EDIT THIS FILE DIRECTLY.
# yarn lockfile v1


"@datastructures-js/heap@^2.0.0":
  version "2.0.0"
  resolved "https://registry.yarnpkg.com/@datastructures-js/heap/-/heap-2.0.0.tgz#581f7fe57a41e089e4f3ebbbee1c9fc6a1b54d39"
  integrity sha512-LIbt3dAK7v7VPoDQ/hNO3KSlUdPLkO74m1A/c+guKhoBiY1192F2Nt0moHU0wyWw/sUV9zAnw1GPyGsS7401ZQ==

"@datastructures-js/priority-queue@^4.1.0":
  version "4.1.2"
  resolved "https://registry.yarnpkg.com/@datastructures-js/priority-queue/-/priority-queue-4.1.2.tgz#e9586caf77bef8228cbf4eceb2c1ee650c1ed0aa"
  integrity sha512-S4fXJcsPdqEp2bbKZlH7suSiZ0lqmIs8n5BXqQXB+7/lA9LSK/Ng0hIehTjgETfe7n3g4ZVLoyjEUWHEbHJFdQ==
  dependencies:
    "@datastructures-js/heap" "^2.0.0"

prettier@^2.8.1:
  version "2.8.1"
  resolved "https://registry.yarnpkg.com/prettier/-/prettier-2.8.1.tgz#4e1fd11c34e2421bc1da9aea9bd8127cd0a35efc"
  integrity sha512-lqGoSJBQNJidqCHE80vqZJHWHRFoNYsSpP9AjFhlhi9ODCJA541svILes/+/1GM3VaL/abZi7cpFzOpdR9UPKg==
